{
  "lockfile_version": "1",
  "packages": {
    "python312Packages.pip@latest": {
      "last_modified": "2024-08-14T11:41:26Z",
      "plugin_version": "0.0.2",
      "resolved": "github:NixOS/nixpkgs/0cb2fd7c59fed0cd82ef858cbcbdb552b9a33465#python312Packages.pip",
      "source": "devbox-search",
      "version": "24.0",
      "systems": {
        "aarch64-darwin": {
          "outputs": [
            {
              "name": "out",
              "path": "/nix/store/p6pqmipj8dkf6yxrqvaidqbvlcd57r8m-python3.12-pip-24.0",
              "default": true
            },
            {
              "name": "man",
              "path": "/nix/store/snpyc6j7r5jyx6qkx7ss43vc2p3dxfgi-python3.12-pip-24.0-man",
              "default": true
            },
            {
              "name": "dist",
              "path": "/nix/store/kl3diwnri5cs0yzs118g70qmjvcm7hy9-python3.12-pip-24.0-dist"
            }
          ],
          "store_path": "/nix/store/p6pqmipj8dkf6yxrqvaidqbvlcd57r8m-python3.12-pip-24.0"
        },
        "aarch64-linux": {
          "outputs": [
            {
              "name": "out",
              "path": "/nix/store/x3ig7dv2ig8cpdfyk53j4plx4br4lgmi-python3.12-pip-24.0",
              "default": true
            },
            {
              "name": "man",
              "path": "/nix/store/hzx4r5sraca9hycqfk0mrbskq7nvg4zz-python3.12-pip-24.0-man",
              "default": true
            },
            {
              "name": "dist",
              "path": "/nix/store/1s73ybmkd0kyhh5vdfl4vhp9rxi5n7xp-python3.12-pip-24.0-dist"
            }
          ],
          "store_path": "/nix/store/x3ig7dv2ig8cpdfyk53j4plx4br4lgmi-python3.12-pip-24.0"
        },
        "x86_64-darwin": {
          "outputs": [
            {
              "name": "out",
              "path": "/nix/store/j4dp3wxmqslxj269z5iwi65m9mmzafqb-python3.12-pip-24.0",
              "default": true
            },
            {
              "name": "man",
              "path": "/nix/store/4nyn2lbwni2i8ivjb7ycsw216dhrck3a-python3.12-pip-24.0-man",
              "default": true
            },
            {
              "name": "dist",
              "path": "/nix/store/jjqjgsbzg7g0khx0xngs2w698j9g9fda-python3.12-pip-24.0-dist"
            }
          ],
          "store_path": "/nix/store/j4dp3wxmqslxj269z5iwi65m9mmzafqb-python3.12-pip-24.0"
        },
        "x86_64-linux": {
          "outputs": [
            {
              "name": "out",
              "path": "/nix/store/z5xf4y7v8b5g31x0cxj683x38n5gakam-python3.12-pip-24.0",
              "default": true
            },
            {
              "name": "man",
              "path": "/nix/store/wj2dnlyw0c662s74km8xpiyj0y03xszh-python3.12-pip-24.0-man",
              "default": true
            },
            {
              "name": "dist",
              "path": "/nix/store/7rwz9xj26fvf62ncw7174x3clk1yqfk3-python3.12-pip-24.0-dist"
            }
          ],
          "store_path": "/nix/store/z5xf4y7v8b5g31x0cxj683x38n5gakam-python3.12-pip-24.0"
        }
      }
    },
    "python@3.12": {
      "last_modified": "2024-08-14T11:41:26Z",
      "plugin_version": "0.0.4",
      "resolved": "github:NixOS/nixpkgs/0cb2fd7c59fed0cd82ef858cbcbdb552b9a33465#python3",
      "source": "devbox-search",
      "version": "3.12.4",
      "systems": {
        "aarch64-darwin": {
          "outputs": [
            {
              "name": "out",
              "path": "/nix/store/xnm9sbp02pp2704dvx4kb8g0yxn263pn-python3-3.12.4",
              "default": true
            }
          ],
          "store_path": "/nix/store/xnm9sbp02pp2704dvx4kb8g0yxn263pn-python3-3.12.4"
        },
        "aarch64-linux": {
          "outputs": [
            {
              "name": "out",
              "path": "/nix/store/wviq85xs5awfp75mj5sjq9mn1nkqhq12-python3-3.12.4",
              "default": true
            },
            {
              "name": "debug",
              "path": "/nix/store/cglyj6nr5rcr0j9c36xqvybk5rj7hi6x-python3-3.12.4-debug"
            }
          ],
          "store_path": "/nix/store/wviq85xs5awfp75mj5sjq9mn1nkqhq12-python3-3.12.4"
        },
        "x86_64-darwin": {
          "outputs": [
            {
              "name": "out",
              "path": "/nix/store/dc7kp6g4s76jlfjhjdpibjfc8pglhlcs-python3-3.12.4",
              "default": true
            }
          ],
          "store_path": "/nix/store/dc7kp6g4s76jlfjhjdpibjfc8pglhlcs-python3-3.12.4"
        },
        "x86_64-linux": {
          "outputs": [
            {
              "name": "out",
              "path": "/nix/store/04gg5w1s662l329a8kh9xcwyp0k64v5a-python3-3.12.4",
              "default": true
            },
            {
              "name": "debug",
              "path": "/nix/store/w2ycb82p1q4xdpm2pzcqk7k58f89wv6l-python3-3.12.4-debug"
            }
          ],
          "store_path": "/nix/store/04gg5w1s662l329a8kh9xcwyp0k64v5a-python3-3.12.4"
        }
      }
    }
  }
}
