{
  "lockfile_version": "1",
  "packages": {
    "poetry@1.8.3": {
      "last_modified": "2024-06-20T08:04:27Z",
      "plugin_version": "0.0.4",
      "resolved": "github:NixOS/nixpkgs/9b10b8f00cb5494795e5f51b39210fed4d2b0748#poetry",
      "source": "devbox-search",
      "version": "1.8.3",
      "systems": {
        "aarch64-darwin": {
          "outputs": [
            {
              "name": "out",
              "path": "/nix/store/zp80lg9gv25mp11gh4cpwf1lg6y2jkfz-python3.11-poetry-1.8.3",
              "default": true
            },
            {
              "name": "dist",
              "path": "/nix/store/zqchk2i063xy3sp5sh3h06axbsyfb8nw-python3.11-poetry-1.8.3-dist"
            }
          ],
          "store_path": "/nix/store/zp80lg9gv25mp11gh4cpwf1lg6y2jkfz-python3.11-poetry-1.8.3"
        },
        "aarch64-linux": {
          "outputs": [
            {
              "name": "out",
              "path": "/nix/store/bfr58sxpgqmwci9f9ayl78lk9hwxzwch-python3.11-poetry-1.8.3",
              "default": true
            },
            {
              "name": "dist",
              "path": "/nix/store/1zaizr9z3krwv6hqhmwq4d2561bncp0r-python3.11-poetry-1.8.3-dist"
            }
          ],
          "store_path": "/nix/store/bfr58sxpgqmwci9f9ayl78lk9hwxzwch-python3.11-poetry-1.8.3"
        },
        "x86_64-darwin": {
          "outputs": [
            {
              "name": "out",
              "path": "/nix/store/mn1vl4pms5h541x4dg0qy4kw5j8r51h0-python3.11-poetry-1.8.3",
              "default": true
            },
            {
              "name": "dist",
              "path": "/nix/store/s1flmq9i13jsacdimjrpw2lprfl91h39-python3.11-poetry-1.8.3-dist"
            }
          ],
          "store_path": "/nix/store/mn1vl4pms5h541x4dg0qy4kw5j8r51h0-python3.11-poetry-1.8.3"
        },
        "x86_64-linux": {
          "outputs": [
            {
              "name": "out",
              "path": "/nix/store/8wh86kw7w4jfbp8nnws53bd5h90yc8yf-python3.11-poetry-1.8.3",
              "default": true
            },
            {
              "name": "dist",
              "path": "/nix/store/qavircpagh6xk5rsdgyg67wrbp80hfcf-python3.11-poetry-1.8.3-dist"
            }
          ],
          "store_path": "/nix/store/8wh86kw7w4jfbp8nnws53bd5h90yc8yf-python3.11-poetry-1.8.3"
        }
      }
    },
    "python@3.12": {
      "last_modified": "2024-06-12T20:55:33Z",
      "plugin_version": "0.0.3",
      "resolved": "github:NixOS/nixpkgs/a9858885e197f984d92d7fe64e9fff6b2e488d40#python312",
      "source": "devbox-search",
      "version": "3.12.3",
      "systems": {
        "aarch64-darwin": {
          "outputs": [
            {
              "name": "out",
              "path": "/nix/store/lgymkqydhhmf88rvbq6hagq8lcpfr52w-python3-3.12.3",
              "default": true
            }
          ],
          "store_path": "/nix/store/lgymkqydhhmf88rvbq6hagq8lcpfr52w-python3-3.12.3"
        },
        "aarch64-linux": {
          "outputs": [
            {
              "name": "out",
              "path": "/nix/store/5wr6cnizn2by0m6px4cqmcny6wj63j8x-python3-3.12.3",
              "default": true
            },
            {
              "name": "debug",
              "path": "/nix/store/l2893yj1z369wsw13xngjjjipf2rwh8w-python3-3.12.3-debug"
            }
          ],
          "store_path": "/nix/store/5wr6cnizn2by0m6px4cqmcny6wj63j8x-python3-3.12.3"
        },
        "x86_64-darwin": {
          "outputs": [
            {
              "name": "out",
              "path": "/nix/store/nrskm5p85y6751k02ih51bpzfag8g5r8-python3-3.12.3",
              "default": true
            }
          ],
          "store_path": "/nix/store/nrskm5p85y6751k02ih51bpzfag8g5r8-python3-3.12.3"
        },
        "x86_64-linux": {
          "outputs": [
            {
              "name": "out",
              "path": "/nix/store/zwvdwiw0zg5liz6lkkkqyab035parhld-python3-3.12.3",
              "default": true
            },
            {
              "name": "debug",
              "path": "/nix/store/wj6mffmpvly3md2hqnq2jj8zrrw5qck9-python3-3.12.3-debug"
            }
          ],
          "store_path": "/nix/store/zwvdwiw0zg5liz6lkkkqyab035parhld-python3-3.12.3"
        }
      }
    }
  }
}
